// !$*UTF8*$!
{
	archiveVersion = 1;
	classes = {
	};
	objectVersion = 55;
	objects = {

/* Begin PBXBuildFile section */
		27F4175B28B7F9BD00FE43EF /* AppDelegate.swift in Sources */ = {isa = PBXBuildFile; fileRef = 27F4175A28B7F9BD00FE43EF /* AppDelegate.swift */; };
		27F4175D28B7F9BD00FE43EF /* SceneDelegate.swift in Sources */ = {isa = PBXBuildFile; fileRef = 27F4175C28B7F9BD00FE43EF /* SceneDelegate.swift */; };
		27F4175F28B7F9BD00FE43EF /* ViewController.swift in Sources */ = {isa = PBXBuildFile; fileRef = 27F4175E28B7F9BD00FE43EF /* ViewController.swift */; };
		27F4176228B7F9BD00FE43EF /* Main.storyboard in Resources */ = {isa = PBXBuildFile; fileRef = 27F4176028B7F9BD00FE43EF /* Main.storyboard */; };
		27F4176428B7F9C100FE43EF /* Assets.xcassets in Resources */ = {isa = PBXBuildFile; fileRef = 27F4176328B7F9C100FE43EF /* Assets.xcassets */; };
		27F4176728B7F9C100FE43EF /* LaunchScreen.storyboard in Resources */ = {isa = PBXBuildFile; fileRef = 27F4176528B7F9C100FE43EF /* LaunchScreen.storyboard */; };
		27F4177228B7F9C100FE43EF /* PreworkTests.swift in Sources */ = {isa = PBXBuildFile; fileRef = 27F4177128B7F9C100FE43EF /* PreworkTests.swift */; };
		27F4177C28B7F9C100FE43EF /* PreworkUITests.swift in Sources */ = {isa = PBXBuildFile; fileRef = 27F4177B28B7F9C100FE43EF /* PreworkUITests.swift */; };
		27F4177E28B7F9C100FE43EF /* PreworkUITestsLaunchTests.swift in Sources */ = {isa = PBXBuildFile; fileRef = 27F4177D28B7F9C100FE43EF /* PreworkUITestsLaunchTests.swift */; };
/* End PBXBuildFile section */

/* Begin PBXContainerItemProxy section */
		27F4176E28B7F9C100FE43EF /* PBXContainerItemProxy */ = {
			isa = PBXContainerItemProxy;
			containerPortal = 27F4174F28B7F9BC00FE43EF /* Project object */;
			proxyType = 1;
			remoteGlobalIDString = 27F4175628B7F9BD00FE43EF;
			remoteInfo = Prework;
		};
		27F4177828B7F9C100FE43EF /* PBXContainerItemProxy */ = {
			isa = PBXContainerItemProxy;
			containerPortal = 27F4174F28B7F9BC00FE43EF /* Project object */;
			proxyType = 1;
			remoteGlobalIDString = 27F4175628B7F9BD00FE43EF;
			remoteInfo = Prework;
		};
/* End PBXContainerItemProxy section */

/* Begin PBXFileReference section */
		27F4175728B7F9BD00FE43EF /* Prework.app */ = {isa = PBXFileReference; explicitFileType = wrapper.application; includeInIndex = 0; path = Prework.app; sourceTree = BUILT_PRODUCTS_DIR; };
		27F4175A28B7F9BD00FE43EF /* AppDelegate.swift */ = {isa = PBXFileReference; lastKnownFileType = sourcecode.swift; path = AppDelegate.swift; sourceTree = "<group>"; };
		27F4175C28B7F9BD00FE43EF /* SceneDelegate.swift */ = {isa = PBXFileReference; lastKnownFileType = sourcecode.swift; path = SceneDelegate.swift; sourceTree = "<group>"; };
		27F4175E28B7F9BD00FE43EF /* ViewController.swift */ = {isa = PBXFileReference; lastKnownFileType = sourcecode.swift; path = ViewController.swift; sourceTree = "<group>"; };
		27F4176128B7F9BD00FE43EF /* Base */ = {isa = PBXFileReference; lastKnownFileType = file.storyboard; name = Base; path = Base.lproj/Main.storyboard; sourceTree = "<group>"; };
		27F4176328B7F9C100FE43EF /* Assets.xcassets */ = {isa = PBXFileReference; lastKnownFileType = folder.assetcatalog; path = Assets.xcassets; sourceTree = "<group>"; };
		27F4176628B7F9C100FE43EF /* Base */ = {isa = PBXFileReference; lastKnownFileType = file.storyboard; name = Base; path = Base.lproj/LaunchScreen.storyboard; sourceTree = "<group>"; };
		27F4176828B7F9C100FE43EF /* Info.plist */ = {isa = PBXFileReference; lastKnownFileType = text.plist.xml; path = Info.plist; sourceTree = "<group>"; };
		27F4176D28B7F9C100FE43EF /* PreworkTests.xctest */ = {isa = PBXFileReference; explicitFileType = wrapper.cfbundle; includeInIndex = 0; path = PreworkTests.xctest; sourceTree = BUILT_PRODUCTS_DIR; };
		27F4177128B7F9C100FE43EF /* PreworkTests.swift */ = {isa = PBXFileReference; lastKnownFileType = sourcecode.swift; path = PreworkTests.swift; sourceTree = "<group>"; };
		27F4177728B7F9C100FE43EF /* PreworkUITests.xctest */ = {isa = PBXFileReference; explicitFileType = wrapper.cfbundle; includeInIndex = 0; path = PreworkUITests.xctest; sourceTree = BUILT_PRODUCTS_DIR; };
		27F4177B28B7F9C100FE43EF /* PreworkUITests.swift */ = {isa = PBXFileReference; lastKnownFileType = sourcecode.swift; path = PreworkUITests.swift; sourceTree = "<group>"; };
		27F4177D28B7F9C100FE43EF /* PreworkUITestsLaunchTests.swift */ = {isa = PBXFileReference; lastKnownFileType = sourcecode.swift; path = PreworkUITestsLaunchTests.swift; sourceTree = "<group>"; };
/* End PBXFileReference section */

/* Begin PBXFrameworksBuildPhase section */
		27F4175428B7F9BD00FE43EF /* Frameworks */ = {
			isa = PBXFrameworksBuildPhase;
			buildActionMask = 2147483647;
			files = (
			);
			runOnlyForDeploymentPostprocessing = 0;
		};
		27F4176A28B7F9C100FE43EF /* Frameworks */ = {
			isa = PBXFrameworksBuildPhase;
			buildActionMask = 2147483647;
			files = (
			);
			runOnlyForDeploymentPostprocessing = 0;
		};
		27F4177428B7F9C100FE43EF /* Frameworks */ = {
			isa = PBXFrameworksBuildPhase;
			buildActionMask = 2147483647;
			files = (
			);
			runOnlyForDeploymentPostprocessing = 0;
		};
/* End PBXFrameworksBuildPhase section */

/* Begin PBXGroup section */
		27F4174E28B7F9BC00FE43EF = {
			isa = PBXGroup;
			children = (
				27F4175928B7F9BD00FE43EF /* Prework */,
				27F4177028B7F9C100FE43EF /* PreworkTests */,
				27F4177A28B7F9C100FE43EF /* PreworkUITests */,
				27F4175828B7F9BD00FE43EF /* Products */,
			);
			sourceTree = "<group>";
		};
		27F4175828B7F9BD00FE43EF /* Products */ = {
			isa = PBXGroup;
			children = (
				27F4175728B7F9BD00FE43EF /* Prework.app */,
				27F4176D28B7F9C100FE43EF /* PreworkTests.xctest */,
				27F4177728B7F9C100FE43EF /* PreworkUITests.xctest */,
			);
			name = Products;
			sourceTree = "<group>";
		};
		27F4175928B7F9BD00FE43EF /* Prework */ = {
			isa = PBXGroup;
			children = (
				27F4175A28B7F9BD00FE43EF /* AppDelegate.swift */,
				27F4175C28B7F9BD00FE43EF /* SceneDelegate.swift */,
				27F4175E28B7F9BD00FE43EF /* ViewController.swift */,
				27F4176028B7F9BD00FE43EF /* Main.storyboard */,
				27F4176328B7F9C100FE43EF /* Assets.xcassets */,
				27F4176528B7F9C100FE43EF /* LaunchScreen.storyboard */,
				27F4176828B7F9C100FE43EF /* Info.plist */,
			);
			path = Prework;
			sourceTree = "<group>";
		};
		27F4177028B7F9C100FE43EF /* PreworkTests */ = {
			isa = PBXGroup;
			children = (
				27F4177128B7F9C100FE43EF /* PreworkTests.swift */,
			);
			path = PreworkTests;
			sourceTree = "<group>";
		};
		27F4177A28B7F9C100FE43EF /* PreworkUITests */ = {
			isa = PBXGroup;
			children = (
				27F4177B28B7F9C100FE43EF /* PreworkUITests.swift */,
				27F4177D28B7F9C100FE43EF /* PreworkUITestsLaunchTests.swift */,
			);
			path = PreworkUITests;
			sourceTree = "<group>";
		};
/* End PBXGroup section */

/* Begin PBXNativeTarget section */
		27F4175628B7F9BD00FE43EF /* Prework */ = {
			isa = PBXNativeTarget;
			buildConfigurationList = 27F4178128B7F9C100FE43EF /* Build configuration list for PBXNativeTarget "Prework" */;
			buildPhases = (
				27F4175328B7F9BD00FE43EF /* Sources */,
				27F4175428B7F9BD00FE43EF /* Frameworks */,
				27F4175528B7F9BD00FE43EF /* Resources */,
			);
			buildRules = (
			);
			dependencies = (
			);
			name = Prework;
			productName = Prework;
			productReference = 27F4175728B7F9BD00FE43EF /* Prework.app */;
			productType = "com.apple.product-type.application";
		};
		27F4176C28B7F9C100FE43EF /* PreworkTests */ = {
			isa = PBXNativeTarget;
			buildConfigurationList = 27F4178428B7F9C100FE43EF /* Build configuration list for PBXNativeTarget "PreworkTests" */;
			buildPhases = (
				27F4176928B7F9C100FE43EF /* Sources */,
				27F4176A28B7F9C100FE43EF /* Frameworks */,
				27F4176B28B7F9C100FE43EF /* Resources */,
			);
			buildRules = (
			);
			dependencies = (
				27F4176F28B7F9C100FE43EF /* PBXTargetDependency */,
			);
			name = PreworkTests;
			productName = PreworkTests;
			productReference = 27F4176D28B7F9C100FE43EF /* PreworkTests.xctest */;
			productType = "com.apple.product-type.bundle.unit-test";
		};
		27F4177628B7F9C100FE43EF /* PreworkUITests */ = {
			isa = PBXNativeTarget;
			buildConfigurationList = 27F4178728B7F9C100FE43EF /* Build configuration list for PBXNativeTarget "PreworkUITests" */;
			buildPhases = (
				27F4177328B7F9C100FE43EF /* Sources */,
				27F4177428B7F9C100FE43EF /* Frameworks */,
				27F4177528B7F9C100FE43EF /* Resources */,
			);
			buildRules = (
			);
			dependencies = (
				27F4177928B7F9C100FE43EF /* PBXTargetDependency */,
			);
			name = PreworkUITests;
			productName = PreworkUITests;
			productReference = 27F4177728B7F9C100FE43EF /* PreworkUITests.xctest */;
			productType = "com.apple.product-type.bundle.ui-testing";
		};
/* End PBXNativeTarget section */

/* Begin PBXProject section */
		27F4174F28B7F9BC00FE43EF /* Project object */ = {
			isa = PBXProject;
			attributes = {
				BuildIndependentTargetsInParallel = 1;
				LastSwiftUpdateCheck = 1340;
				LastUpgradeCheck = 1340;
				TargetAttributes = {
					27F4175628B7F9BD00FE43EF = {
						CreatedOnToolsVersion = 13.4.1;
					};
					27F4176C28B7F9C100FE43EF = {
						CreatedOnToolsVersion = 13.4.1;
						TestTargetID = 27F4175628B7F9BD00FE43EF;
					};
					27F4177628B7F9C100FE43EF = {
						CreatedOnToolsVersion = 13.4.1;
						TestTargetID = 27F4175628B7F9BD00FE43EF;
					};
				};
			};
			buildConfigurationList = 27F4175228B7F9BC00FE43EF /* Build configuration list for PBXProject "Prework" */;
			compatibilityVersion = "Xcode 13.0";
			developmentRegion = en;
			hasScannedForEncodings = 0;
			knownRegions = (
				en,
				Base,
			);
			mainGroup = 27F4174E28B7F9BC00FE43EF;
			productRefGroup = 27F4175828B7F9BD00FE43EF /* Products */;
			projectDirPath = "";
			projectRoot = "";
			targets = (
				27F4175628B7F9BD00FE43EF /* Prework */,
				27F4176C28B7F9C100FE43EF /* PreworkTests */,
				27F4177628B7F9C100FE43EF /* PreworkUITests */,
			);
		};
/* End PBXProject section */

/* Begin PBXResourcesBuildPhase section */
		27F4175528B7F9BD00FE43EF /* Resources */ = {
			isa = PBXResourcesBuildPhase;
			buildActionMask = 2147483647;
			files = (
				27F4176728B7F9C100FE43EF /* LaunchScreen.storyboard in Resources */,
				27F4176428B7F9C100FE43EF /* Assets.xcassets in Resources */,
				27F4176228B7F9BD00FE43EF /* Main.storyboard in Resources */,
			);
			runOnlyForDeploymentPostprocessing = 0;
		};
		27F4176B28B7F9C100FE43EF /* Resources */ = {
			isa = PBXResourcesBuildPhase;
			buildActionMask = 2147483647;
			files = (
			);
			runOnlyForDeploymentPostprocessing = 0;
		};
		27F4177528B7F9C100FE43EF /* Resources */ = {
			isa = PBXResourcesBuildPhase;
			buildActionMask = 2147483647;
			files = (
			);
			runOnlyForDeploymentPostprocessing = 0;
		};
/* End PBXResourcesBuildPhase section */

/* Begin PBXSourcesBuildPhase section */
		27F4175328B7F9BD00FE43EF /* Sources */ = {
			isa = PBXSourcesBuildPhase;
			buildActionMask = 2147483647;
			files = (
				27F4175F28B7F9BD00FE43EF /* ViewController.swift in Sources */,
				27F4175B28B7F9BD00FE43EF /* AppDelegate.swift in Sources */,
				27F4175D28B7F9BD00FE43EF /* SceneDelegate.swift in Sources */,
			);
			runOnlyForDeploymentPostprocessing = 0;
		};
		27F4176928B7F9C100FE43EF /* Sources */ = {
			isa = PBXSourcesBuildPhase;
			buildActionMask = 2147483647;
			files = (
				27F4177228B7F9C100FE43EF /* PreworkTests.swift in Sources */,
			);
			runOnlyForDeploymentPostprocessing = 0;
		};
		27F4177328B7F9C100FE43EF /* Sources */ = {
			isa = PBXSourcesBuildPhase;
			buildActionMask = 2147483647;
			files = (
				27F4177C28B7F9C100FE43EF /* PreworkUITests.swift in Sources */,
				27F4177E28B7F9C100FE43EF /* PreworkUITestsLaunchTests.swift in Sources */,
			);
			runOnlyForDeploymentPostprocessing = 0;
		};
/* End PBXSourcesBuildPhase section */

/* Begin PBXTargetDependency section */
		27F4176F28B7F9C100FE43EF /* PBXTargetDependency */ = {
			isa = PBXTargetDependency;
			target = 27F4175628B7F9BD00FE43EF /* Prework */;
			targetProxy = 27F4176E28B7F9C100FE43EF /* PBXContainerItemProxy */;
		};
		27F4177928B7F9C100FE43EF /* PBXTargetDependency */ = {
			isa = PBXTargetDependency;
			target = 27F4175628B7F9BD00FE43EF /* Prework */;
			targetProxy = 27F4177828B7F9C100FE43EF /* PBXContainerItemProxy */;
		};
/* End PBXTargetDependency section */

/* Begin PBXVariantGroup section */
		27F4176028B7F9BD00FE43EF /* Main.storyboard */ = {
			isa = PBXVariantGroup;
			children = (
				27F4176128B7F9BD00FE43EF /* Base */,
			);
			name = Main.storyboard;
			sourceTree = "<group>";
		};
		27F4176528B7F9C100FE43EF /* LaunchScreen.storyboard */ = {
			isa = PBXVariantGroup;
			children = (
				27F4176628B7F9C100FE43EF /* Base */,
			);
			name = LaunchScreen.storyboard;
			sourceTree = "<group>";
		};
/* End PBXVariantGroup section */

/* Begin XCBuildConfiguration section */
		27F4177F28B7F9C100FE43EF /* Debug */ = {
			isa = XCBuildConfiguration;
			buildSettings = {
				ALWAYS_SEARCH_USER_PATHS = NO;
				CLANG_ANALYZER_NONNULL = YES;
				CLANG_ANALYZER_NUMBER_OBJECT_CONVERSION = YES_AGGRESSIVE;
				CLANG_CXX_LANGUAGE_STANDARD = "gnu++17";
				CLANG_ENABLE_MODULES = YES;
				CLANG_ENABLE_OBJC_ARC = YES;
				CLANG_ENABLE_OBJC_WEAK = YES;
				CLANG_WARN_BLOCK_CAPTURE_AUTORELEASING = YES;
				CLANG_WARN_BOOL_CONVERSION = YES;
				CLANG_WARN_COMMA = YES;
				CLANG_WARN_CONSTANT_CONVERSION = YES;
				CLANG_WARN_DEPRECATED_OBJC_IMPLEMENTATIONS = YES;
				CLANG_WARN_DIRECT_OBJC_ISA_USAGE = YES_ERROR;
				CLANG_WARN_DOCUMENTATION_COMMENTS = YES;
				CLANG_WARN_EMPTY_BODY = YES;
				CLANG_WARN_ENUM_CONVERSION = YES;
				CLANG_WARN_INFINITE_RECURSION = YES;
				CLANG_WARN_INT_CONVERSION = YES;
				CLANG_WARN_NON_LITERAL_NULL_CONVERSION = YES;
				CLANG_WARN_OBJC_IMPLICIT_RETAIN_SELF = YES;
				CLANG_WARN_OBJC_LITERAL_CONVERSION = YES;
				CLANG_WARN_OBJC_ROOT_CLASS = YES_ERROR;
				CLANG_WARN_QUOTED_INCLUDE_IN_FRAMEWORK_HEADER = YES;
				CLANG_WARN_RANGE_LOOP_ANALYSIS = YES;
				CLANG_WARN_STRICT_PROTOTYPES = YES;
				CLANG_WARN_SUSPICIOUS_MOVE = YES;
				CLANG_WARN_UNGUARDED_AVAILABILITY = YES_AGGRESSIVE;
				CLANG_WARN_UNREACHABLE_CODE = YES;
				CLANG_WARN__DUPLICATE_METHOD_MATCH = YES;
				COPY_PHASE_STRIP = NO;
				DEBUG_INFORMATION_FORMAT = dwarf;
				ENABLE_STRICT_OBJC_MSGSEND = YES;
				ENABLE_TESTABILITY = YES;
				GCC_C_LANGUAGE_STANDARD = gnu11;
				GCC_DYNAMIC_NO_PIC = NO;
				GCC_NO_COMMON_BLOCKS = YES;
				GCC_OPTIMIZATION_LEVEL = 0;
				GCC_PREPROCESSOR_DEFINITIONS = (
					"DEBUG=1",
					"$(inherited)",
				);
				GCC_WARN_64_TO_32_BIT_CONVERSION = YES;
				GCC_WARN_ABOUT_RETURN_TYPE = YES_ERROR;
				GCC_WARN_UNDECLARED_SELECTOR = YES;
				GCC_WARN_UNINITIALIZED_AUTOS = YES_AGGRESSIVE;
				GCC_WARN_UNUSED_FUNCTION = YES;
				GCC_WARN_UNUSED_VARIABLE = YES;
				IPHONEOS_DEPLOYMENT_TARGET = 15.5;
				MTL_ENABLE_DEBUG_INFO = INCLUDE_SOURCE;
				MTL_FAST_MATH = YES;
				ONLY_ACTIVE_ARCH = YES;
				SDKROOT = iphoneos;
				SWIFT_ACTIVE_COMPILATION_CONDITIONS = DEBUG;
				SWIFT_OPTIMIZATION_LEVEL = "-Onone";
			};
			name = Debug;
		};
		27F4178028B7F9C100FE43EF /* Release */ = {
			isa = XCBuildConfiguration;
			buildSettings = {
				ALWAYS_SEARCH_USER_PATHS = NO;
				CLANG_ANALYZER_NONNULL = YES;
				CLANG_ANALYZER_NUMBER_OBJECT_CONVERSION = YES_AGGRESSIVE;
				CLANG_CXX_LANGUAGE_STANDARD = "gnu++17";
				CLANG_ENABLE_MODULES = YES;
				CLANG_ENABLE_OBJC_ARC = YES;
				CLANG_ENABLE_OBJC_WEAK = YES;
				CLANG_WARN_BLOCK_CAPTURE_AUTORELEASING = YES;
				CLANG_WARN_BOOL_CONVERSION = YES;
				CLANG_WARN_COMMA = YES;
				CLANG_WARN_CONSTANT_CONVERSION = YES;
				CLANG_WARN_DEPRECATED_OBJC_IMPLEMENTATIONS = YES;
				CLANG_WARN_DIRECT_OBJC_ISA_USAGE = YES_ERROR;
				CLANG_WARN_DOCUMENTATION_COMMENTS = YES;
				CLANG_WARN_EMPTY_BODY = YES;
				CLANG_WARN_ENUM_CONVERSION = YES;
				CLANG_WARN_INFINITE_RECURSION = YES;
				CLANG_WARN_INT_CONVERSION = YES;
				CLANG_WARN_NON_LITERAL_NULL_CONVERSION = YES;
				CLANG_WARN_OBJC_IMPLICIT_RETAIN_SELF = YES;
				CLANG_WARN_OBJC_LITERAL_CONVERSION = YES;
				CLANG_WARN_OBJC_ROOT_CLASS = YES_ERROR;
				CLANG_WARN_QUOTED_INCLUDE_IN_FRAMEWORK_HEADER = YES;
				CLANG_WARN_RANGE_LOOP_ANALYSIS = YES;
				CLANG_WARN_STRICT_PROTOTYPES = YES;
				CLANG_WARN_SUSPICIOUS_MOVE = YES;
				CLANG_WARN_UNGUARDED_AVAILABILITY = YES_AGGRESSIVE;
				CLANG_WARN_UNREACHABLE_CODE = YES;
				CLANG_WARN__DUPLICATE_METHOD_MATCH = YES;
				COPY_PHASE_STRIP = NO;
				DEBUG_INFORMATION_FORMAT = "dwarf-with-dsym";
				ENABLE_NS_ASSERTIONS = NO;
				ENABLE_STRICT_OBJC_MSGSEND = YES;
				GCC_C_LANGUAGE_STANDARD = gnu11;
				GCC_NO_COMMON_BLOCKS = YES;
				GCC_WARN_64_TO_32_BIT_CONVERSION = YES;
				GCC_WARN_ABOUT_RETURN_TYPE = YES_ERROR;
				GCC_WARN_UNDECLARED_SELECTOR = YES;
				GCC_WARN_UNINITIALIZED_AUTOS = YES_AGGRESSIVE;
				GCC_WARN_UNUSED_FUNCTION = YES;
				GCC_WARN_UNUSED_VARIABLE = YES;
				IPHONEOS_DEPLOYMENT_TARGET = 15.5;
				MTL_ENABLE_DEBUG_INFO = NO;
				MTL_FAST_MATH = YES;
				SDKROOT = iphoneos;
				SWIFT_COMPILATION_MODE = wholemodule;
				SWIFT_OPTIMIZATION_LEVEL = "-O";
				VALIDATE_PRODUCT = YES;
			};
			name = Release;
		};
		27F4178228B7F9C100FE43EF /* Debug */ = {
			isa = XCBuildConfiguration;
			buildSettings = {
				ASSETCATALOG_COMPILER_APPICON_NAME = AppIcon;
				ASSETCATALOG_COMPILER_GLOBAL_ACCENT_COLOR_NAME = AccentColor;
				CODE_SIGN_STYLE = Automatic;
				CURRENT_PROJECT_VERSION = 1;
				GENERATE_INFOPLIST_FILE = YES;
				INFOPLIST_FILE = Prework/Info.plist;
				INFOPLIST_KEY_UIApplicationSupportsIndirectInputEvents = YES;
				INFOPLIST_KEY_UILaunchStoryboardName = LaunchScreen;
				INFOPLIST_KEY_UIMainStoryboardFile = Main;
				INFOPLIST_KEY_UISupportedInterfaceOrientations_iPad = "UIInterfaceOrientationPortrait UIInterfaceOrientationPortraitUpsideDown UIInterfaceOrientationLandscapeLeft UIInterfaceOrientationLandscapeRight";
				INFOPLIST_KEY_UISupportedInterfaceOrientations_iPhone = "UIInterfaceOrientationPortrait UIInterfaceOrientationLandscapeLeft UIInterfaceOrientationLandscapeRight";
				LD_RUNPATH_SEARCH_PATHS = (
					"$(inherited)",
					"@executable_path/Frameworks",
				);
				MARKETING_VERSION = 1.0;
				PRODUCT_BUNDLE_IDENTIFIER = Program0.Prework;
				PRODUCT_NAME = "$(TARGET_NAME)";
				SWIFT_EMIT_LOC_STRINGS = YES;
				SWIFT_VERSION = 5.0;
				TARGETED_DEVICE_FAMILY = "1,2";
			};
			name = Debug;
		};
		27F4178328B7F9C100FE43EF /* Release */ = {
			isa = XCBuildConfiguration;
			buildSettings = {
				ASSETCATALOG_COMPILER_APPICON_NAME = AppIcon;
				ASSETCATALOG_COMPILER_GLOBAL_ACCENT_COLOR_NAME = AccentColor;
				CODE_SIGN_STYLE = Automatic;
				CURRENT_PROJECT_VERSION = 1;
				GENERATE_INFOPLIST_FILE = YES;
				INFOPLIST_FILE = Prework/Info.plist;
				INFOPLIST_KEY_UIApplicationSupportsIndirectInputEvents = YES;
				INFOPLIST_KEY_UILaunchStoryboardName = LaunchScreen;
				INFOPLIST_KEY_UIMainStoryboardFile = Main;
				INFOPLIST_KEY_UISupportedInterfaceOrientations_iPad = "UIInterfaceOrientationPortrait UIInterfaceOrientationPortraitUpsideDown UIInterfaceOrientationLandscapeLeft UIInterfaceOrientationLandscapeRight";
				INFOPLIST_KEY_UISupportedInterfaceOrientations_iPhone = "UIInterfaceOrientationPortrait UIInterfaceOrientationLandscapeLeft UIInterfaceOrientationLandscapeRight";
				LD_RUNPATH_SEARCH_PATHS = (
					"$(inherited)",
					"@executable_path/Frameworks",
				);
				MARKETING_VERSION = 1.0;
				PRODUCT_BUNDLE_IDENTIFIER = Program0.Prework;
				PRODUCT_NAME = "$(TARGET_NAME)";
				SWIFT_EMIT_LOC_STRINGS = YES;
				SWIFT_VERSION = 5.0;
				TARGETED_DEVICE_FAMILY = "1,2";
			};
			name = Release;
		};
		27F4178528B7F9C100FE43EF /* Debug */ = {
			isa = XCBuildConfiguration;
			buildSettings = {
				ALWAYS_EMBED_SWIFT_STANDARD_LIBRARIES = YES;
				BUNDLE_LOADER = "$(TEST_HOST)";
				CODE_SIGN_STYLE = Automatic;
				CURRENT_PROJECT_VERSION = 1;
				GENERATE_INFOPLIST_FILE = YES;
				IPHONEOS_DEPLOYMENT_TARGET = 15.5;
				MARKETING_VERSION = 1.0;
				PRODUCT_BUNDLE_IDENTIFIER = Program0.PreworkTests;
				PRODUCT_NAME = "$(TARGET_NAME)";
				SWIFT_EMIT_LOC_STRINGS = NO;
				SWIFT_VERSION = 5.0;
				TARGETED_DEVICE_FAMILY = "1,2";
				TEST_HOST = "$(BUILT_PRODUCTS_DIR)/Prework.app/Prework";
			};
			name = Debug;
		};
		27F4178628B7F9C100FE43EF /* Release */ = {
			isa = XCBuildConfiguration;
			buildSettings = {
				ALWAYS_EMBED_SWIFT_STANDARD_LIBRARIES = YES;
				BUNDLE_LOADER = "$(TEST_HOST)";
				CODE_SIGN_STYLE = Automatic;
				CURRENT_PROJECT_VERSION = 1;
				GENERATE_INFOPLIST_FILE = YES;
				IPHONEOS_DEPLOYMENT_TARGET = 15.5;
				MARKETING_VERSION = 1.0;
				PRODUCT_BUNDLE_IDENTIFIER = Program0.PreworkTests;
				PRODUCT_NAME = "$(TARGET_NAME)";
				SWIFT_EMIT_LOC_STRINGS = NO;
				SWIFT_VERSION = 5.0;
				TARGETED_DEVICE_FAMILY = "1,2";
				TEST_HOST = "$(BUILT_PRODUCTS_DIR)/Prework.app/Prework";
			};
			name = Release;
		};
		27F4178828B7F9C100FE43EF /* Debug */ = {
			isa = XCBuildConfiguration;
			buildSettings = {
				ALWAYS_EMBED_SWIFT_STANDARD_LIBRARIES = YES;
				CODE_SIGN_STYLE = Automatic;
				CURRENT_PROJECT_VERSION = 1;
				GENERATE_INFOPLIST_FILE = YES;
				MARKETING_VERSION = 1.0;
				PRODUCT_BUNDLE_IDENTIFIER = Program0.PreworkUITests;
				PRODUCT_NAME = "$(TARGET_NAME)";
				SWIFT_EMIT_LOC_STRINGS = NO;
				SWIFT_VERSION = 5.0;
				TARGETED_DEVICE_FAMILY = "1,2";
				TEST_TARGET_NAME = Prework;
			};
			name = Debug;
		};
		27F4178928B7F9C100FE43EF /* Release */ = {
			isa = XCBuildConfiguration;
			buildSettings = {
				ALWAYS_EMBED_SWIFT_STANDARD_LIBRARIES = YES;
				CODE_SIGN_STYLE = Automatic;
				CURRENT_PROJECT_VERSION = 1;
				GENERATE_INFOPLIST_FILE = YES;
				MARKETING_VERSION = 1.0;
				PRODUCT_BUNDLE_IDENTIFIER = Program0.PreworkUITests;
				PRODUCT_NAME = "$(TARGET_NAME)";
				SWIFT_EMIT_LOC_STRINGS = NO;
				SWIFT_VERSION = 5.0;
				TARGETED_DEVICE_FAMILY = "1,2";
				TEST_TARGET_NAME = Prework;
			};
			name = Release;
		};
/* End XCBuildConfiguration section */

/* Begin XCConfigurationList section */
		27F4175228B7F9BC00FE43EF /* Build configuration list for PBXProject "Prework" */ = {
			isa = XCConfigurationList;
			buildConfigurations = (
				27F4177F28B7F9C100FE43EF /* Debug */,
				27F4178028B7F9C100FE43EF /* Release */,
			);
			defaultConfigurationIsVisible = 0;
			defaultConfigurationName = Release;
		};
		27F4178128B7F9C100FE43EF /* Build configuration list for PBXNativeTarget "Prework" */ = {
			isa = XCConfigurationList;
			buildConfigurations = (
				27F4178228B7F9C100FE43EF /* Debug */,
				27F4178328B7F9C100FE43EF /* Release */,
			);
			defaultConfigurationIsVisible = 0;
			defaultConfigurationName = Release;
		};
		27F4178428B7F9C100FE43EF /* Build configuration list for PBXNativeTarget "PreworkTests" */ = {
			isa = XCConfigurationList;
			buildConfigurations = (
				27F4178528B7F9C100FE43EF /* Debug */,
				27F4178628B7F9C100FE43EF /* Release */,
			);
			defaultConfigurationIsVisible = 0;
			defaultConfigurationName = Release;
		};
		27F4178728B7F9C100FE43EF /* Build configuration list for PBXNativeTarget "PreworkUITests" */ = {
			isa = XCConfigurationList;
			buildConfigurations = (
				27F4178828B7F9C100FE43EF /* Debug */,
				27F4178928B7F9C100FE43EF /* Release */,
			);
			defaultConfigurationIsVisible = 0;
			defaultConfigurationName = Release;
		};
/* End XCConfigurationList section */
	};
	rootObject = 27F4174F28B7F9BC00FE43EF /* Project object */;
}
